// !$*UTF8*$!
{
	archiveVersion = 1;
	classes = {
	};
	objectVersion = 50;
	objects = {

/* Begin PBXBuildFile section */
		5DA519EE268256E4005EBC31 /* MusicService.swift in Sources */ = {isa = PBXBuildFile; fileRef = 5DA519ED268256E4005EBC31 /* MusicService.swift */; };
		5DBE6F32267BF1A800124F88 /* AppDelegate.swift in Sources */ = {isa = PBXBuildFile; fileRef = 5DBE6F31267BF1A800124F88 /* AppDelegate.swift */; };
		5DBE6F34267BF1A800124F88 /* SceneDelegate.swift in Sources */ = {isa = PBXBuildFile; fileRef = 5DBE6F33267BF1A800124F88 /* SceneDelegate.swift */; };
		5DBE6F36267BF1A800124F88 /* ViewController.swift in Sources */ = {isa = PBXBuildFile; fileRef = 5DBE6F35267BF1A800124F88 /* ViewController.swift */; };
		5DBE6F39267BF1A800124F88 /* Main.storyboard in Resources */ = {isa = PBXBuildFile; fileRef = 5DBE6F37267BF1A800124F88 /* Main.storyboard */; };
		5DBE6F3B267BF1AA00124F88 /* Assets.xcassets in Resources */ = {isa = PBXBuildFile; fileRef = 5DBE6F3A267BF1AA00124F88 /* Assets.xcassets */; };
		5DBE6F3E267BF1AA00124F88 /* LaunchScreen.storyboard in Resources */ = {isa = PBXBuildFile; fileRef = 5DBE6F3C267BF1AA00124F88 /* LaunchScreen.storyboard */; };
		5DBE6F5D267D232900124F88 /* QueueListViewController.swift in Sources */ = {isa = PBXBuildFile; fileRef = 5DBE6F5C267D232900124F88 /* QueueListViewController.swift */; };
		5DBE6F63267D338000124F88 /* DataFile.swift in Sources */ = {isa = PBXBuildFile; fileRef = 5DBE6F62267D338000124F88 /* DataFile.swift */; };
		5DBE6F65267D3A9700124F88 /* FavoritesListViewController.swift in Sources */ = {isa = PBXBuildFile; fileRef = 5DBE6F64267D3A9700124F88 /* FavoritesListViewController.swift */; };
		5DBE6F6A267D471F00124F88 /* AlbumPlaylistHeaderView.swift in Sources */ = {isa = PBXBuildFile; fileRef = 5DBE6F69267D471F00124F88 /* AlbumPlaylistHeaderView.swift */; };
		5DBE6F6C267D4C5700124F88 /* AlbumPlaylistTableView.swift in Sources */ = {isa = PBXBuildFile; fileRef = 5DBE6F6B267D4C5700124F88 /* AlbumPlaylistTableView.swift */; };
/* End PBXBuildFile section */

/* Begin PBXFileReference section */
		5DA519ED268256E4005EBC31 /* MusicService.swift */ = {isa = PBXFileReference; lastKnownFileType = sourcecode.swift; path = MusicService.swift; sourceTree = "<group>"; };
		5DBE6F2E267BF1A800124F88 /* MusicChallenge.app */ = {isa = PBXFileReference; explicitFileType = wrapper.application; includeInIndex = 0; path = MusicChallenge.app; sourceTree = BUILT_PRODUCTS_DIR; };
		5DBE6F31267BF1A800124F88 /* AppDelegate.swift */ = {isa = PBXFileReference; lastKnownFileType = sourcecode.swift; path = AppDelegate.swift; sourceTree = "<group>"; };
		5DBE6F33267BF1A800124F88 /* SceneDelegate.swift */ = {isa = PBXFileReference; lastKnownFileType = sourcecode.swift; path = SceneDelegate.swift; sourceTree = "<group>"; };
		5DBE6F35267BF1A800124F88 /* ViewController.swift */ = {isa = PBXFileReference; lastKnownFileType = sourcecode.swift; path = ViewController.swift; sourceTree = "<group>"; };
		5DBE6F38267BF1A800124F88 /* Base */ = {isa = PBXFileReference; lastKnownFileType = file.storyboard; name = Base; path = Base.lproj/Main.storyboard; sourceTree = "<group>"; };
		5DBE6F3A267BF1AA00124F88 /* Assets.xcassets */ = {isa = PBXFileReference; lastKnownFileType = folder.assetcatalog; path = Assets.xcassets; sourceTree = "<group>"; };
		5DBE6F3D267BF1AA00124F88 /* Base */ = {isa = PBXFileReference; lastKnownFileType = file.storyboard; name = Base; path = Base.lproj/LaunchScreen.storyboard; sourceTree = "<group>"; };
		5DBE6F3F267BF1AA00124F88 /* Info.plist */ = {isa = PBXFileReference; lastKnownFileType = text.plist.xml; path = Info.plist; sourceTree = "<group>"; };
		5DBE6F4A267D10D800124F88 /* SF-Pro-Text-Ultralight.otf */ = {isa = PBXFileReference; lastKnownFileType = file; name = "SF-Pro-Text-Ultralight.otf"; path = "../../../../../../../../Library/Fonts/SF-Pro-Text-Ultralight.otf"; sourceTree = "<group>"; };
		5DBE6F4B267D10D800124F88 /* SF-Pro-Text-Semibold.otf */ = {isa = PBXFileReference; lastKnownFileType = file; name = "SF-Pro-Text-Semibold.otf"; path = "../../../../../../../../Library/Fonts/SF-Pro-Text-Semibold.otf"; sourceTree = "<group>"; };
		5DBE6F4C267D10D800124F88 /* SF-Pro-Text-LightItalic.otf */ = {isa = PBXFileReference; lastKnownFileType = file; name = "SF-Pro-Text-LightItalic.otf"; path = "../../../../../../../../Library/Fonts/SF-Pro-Text-LightItalic.otf"; sourceTree = "<group>"; };
		5DBE6F4D267D10D800124F88 /* SF-Pro-Text-BlackItalic.otf */ = {isa = PBXFileReference; lastKnownFileType = file; name = "SF-Pro-Text-BlackItalic.otf"; path = "../../../../../../../../Library/Fonts/SF-Pro-Text-BlackItalic.otf"; sourceTree = "<group>"; };
		5DBE6F4E267D10D800124F88 /* SF-Pro-Text-Black.otf */ = {isa = PBXFileReference; lastKnownFileType = file; name = "SF-Pro-Text-Black.otf"; path = "../../../../../../../../Library/Fonts/SF-Pro-Text-Black.otf"; sourceTree = "<group>"; };
		5DBE6F4F267D10D800124F88 /* SF-Pro-Text-UltralightItalic.otf */ = {isa = PBXFileReference; lastKnownFileType = file; name = "SF-Pro-Text-UltralightItalic.otf"; path = "../../../../../../../../Library/Fonts/SF-Pro-Text-UltralightItalic.otf"; sourceTree = "<group>"; };
		5DBE6F50267D10D800124F88 /* SF-Pro-Text-Regular.otf */ = {isa = PBXFileReference; lastKnownFileType = file; name = "SF-Pro-Text-Regular.otf"; path = "../../../../../../../../Library/Fonts/SF-Pro-Text-Regular.otf"; sourceTree = "<group>"; };
		5DBE6F51267D10D800124F88 /* SF-Pro-Text-Medium.otf */ = {isa = PBXFileReference; lastKnownFileType = file; name = "SF-Pro-Text-Medium.otf"; path = "../../../../../../../../Library/Fonts/SF-Pro-Text-Medium.otf"; sourceTree = "<group>"; };
		5DBE6F52267D10D800124F88 /* SF-Pro-Text-SemiboldItalic.otf */ = {isa = PBXFileReference; lastKnownFileType = file; name = "SF-Pro-Text-SemiboldItalic.otf"; path = "../../../../../../../../Library/Fonts/SF-Pro-Text-SemiboldItalic.otf"; sourceTree = "<group>"; };
		5DBE6F53267D10D800124F88 /* SF-Pro-Text-Thin.otf */ = {isa = PBXFileReference; lastKnownFileType = file; name = "SF-Pro-Text-Thin.otf"; path = "../../../../../../../../Library/Fonts/SF-Pro-Text-Thin.otf"; sourceTree = "<group>"; };
		5DBE6F54267D10D800124F88 /* SF-Pro-Text-MediumItalic.otf */ = {isa = PBXFileReference; lastKnownFileType = file; name = "SF-Pro-Text-MediumItalic.otf"; path = "../../../../../../../../Library/Fonts/SF-Pro-Text-MediumItalic.otf"; sourceTree = "<group>"; };
		5DBE6F55267D10D800124F88 /* SF-Pro-Text-Bold.otf */ = {isa = PBXFileReference; lastKnownFileType = file; name = "SF-Pro-Text-Bold.otf"; path = "../../../../../../../../Library/Fonts/SF-Pro-Text-Bold.otf"; sourceTree = "<group>"; };
		5DBE6F56267D10D800124F88 /* SF-Pro-Text-RegularItalic.otf */ = {isa = PBXFileReference; lastKnownFileType = file; name = "SF-Pro-Text-RegularItalic.otf"; path = "../../../../../../../../Library/Fonts/SF-Pro-Text-RegularItalic.otf"; sourceTree = "<group>"; };
		5DBE6F57267D10D800124F88 /* SF-Pro-Text-HeavyItalic.otf */ = {isa = PBXFileReference; lastKnownFileType = file; name = "SF-Pro-Text-HeavyItalic.otf"; path = "../../../../../../../../Library/Fonts/SF-Pro-Text-HeavyItalic.otf"; sourceTree = "<group>"; };
		5DBE6F58267D10D800124F88 /* SF-Pro-Text-ThinItalic.otf */ = {isa = PBXFileReference; lastKnownFileType = file; name = "SF-Pro-Text-ThinItalic.otf"; path = "../../../../../../../../Library/Fonts/SF-Pro-Text-ThinItalic.otf"; sourceTree = "<group>"; };
		5DBE6F59267D10D800124F88 /* SF-Pro-Text-Heavy.otf */ = {isa = PBXFileReference; lastKnownFileType = file; name = "SF-Pro-Text-Heavy.otf"; path = "../../../../../../../../Library/Fonts/SF-Pro-Text-Heavy.otf"; sourceTree = "<group>"; };
		5DBE6F5A267D10D800124F88 /* SF-Pro-Text-Light.otf */ = {isa = PBXFileReference; lastKnownFileType = file; name = "SF-Pro-Text-Light.otf"; path = "../../../../../../../../Library/Fonts/SF-Pro-Text-Light.otf"; sourceTree = "<group>"; };
		5DBE6F5B267D10D800124F88 /* SF-Pro-Text-BoldItalic.otf */ = {isa = PBXFileReference; lastKnownFileType = file; name = "SF-Pro-Text-BoldItalic.otf"; path = "../../../../../../../../Library/Fonts/SF-Pro-Text-BoldItalic.otf"; sourceTree = "<group>"; };
		5DBE6F5C267D232900124F88 /* QueueListViewController.swift */ = {isa = PBXFileReference; lastKnownFileType = sourcecode.swift; path = QueueListViewController.swift; sourceTree = "<group>"; };
		5DBE6F61267D29D700124F88 /* data.json */ = {isa = PBXFileReference; lastKnownFileType = text.json; path = data.json; sourceTree = "<group>"; };
		5DBE6F62267D338000124F88 /* DataFile.swift */ = {isa = PBXFileReference; lastKnownFileType = sourcecode.swift; path = DataFile.swift; sourceTree = "<group>"; };
		5DBE6F64267D3A9700124F88 /* FavoritesListViewController.swift */ = {isa = PBXFileReference; lastKnownFileType = sourcecode.swift; path = FavoritesListViewController.swift; sourceTree = "<group>"; };
		5DBE6F69267D471F00124F88 /* AlbumPlaylistHeaderView.swift */ = {isa = PBXFileReference; lastKnownFileType = sourcecode.swift; path = AlbumPlaylistHeaderView.swift; sourceTree = "<group>"; };
		5DBE6F6B267D4C5700124F88 /* AlbumPlaylistTableView.swift */ = {isa = PBXFileReference; lastKnownFileType = sourcecode.swift; path = AlbumPlaylistTableView.swift; sourceTree = "<group>"; };
/* End PBXFileReference section */

/* Begin PBXFrameworksBuildPhase section */
		5DBE6F2B267BF1A800124F88 /* Frameworks */ = {
			isa = PBXFrameworksBuildPhase;
			buildActionMask = 2147483647;
			files = (
			);
			runOnlyForDeploymentPostprocessing = 0;
		};
/* End PBXFrameworksBuildPhase section */

/* Begin PBXGroup section */
		5DBE6F25267BF1A800124F88 = {
			isa = PBXGroup;
			children = (
				5DBE6F30267BF1A800124F88 /* MusicChallenge */,
				5DBE6F2F267BF1A800124F88 /* Products */,
			);
			sourceTree = "<group>";
		};
		5DBE6F2F267BF1A800124F88 /* Products */ = {
			isa = PBXGroup;
			children = (
				5DBE6F2E267BF1A800124F88 /* MusicChallenge.app */,
			);
			name = Products;
			sourceTree = "<group>";
		};
		5DBE6F30267BF1A800124F88 /* MusicChallenge */ = {
			isa = PBXGroup;
			children = (
				5DBE6F49267D10A900124F88 /* Fonts */,
				5DBE6F60267D29D200124F88 /* Data */,
				5DBE6F66267D3E1200124F88 /* ViewController */,
				5DA519ED268256E4005EBC31 /* MusicService.swift */,
				5DBE6F31267BF1A800124F88 /* AppDelegate.swift */,
				5DBE6F33267BF1A800124F88 /* SceneDelegate.swift */,
				5DBE6F37267BF1A800124F88 /* Main.storyboard */,
				5DBE6F6B267D4C5700124F88 /* AlbumPlaylistTableView.swift */,
				5DBE6F69267D471F00124F88 /* AlbumPlaylistHeaderView.swift */,
				5DBE6F3A267BF1AA00124F88 /* Assets.xcassets */,
				5DBE6F3C267BF1AA00124F88 /* LaunchScreen.storyboard */,
				5DBE6F3F267BF1AA00124F88 /* Info.plist */,
			);
			path = MusicChallenge;
			sourceTree = "<group>";
		};
		5DBE6F49267D10A900124F88 /* Fonts */ = {
			isa = PBXGroup;
			children = (
				5DBE6F4E267D10D800124F88 /* SF-Pro-Text-Black.otf */,
				5DBE6F4D267D10D800124F88 /* SF-Pro-Text-BlackItalic.otf */,
				5DBE6F55267D10D800124F88 /* SF-Pro-Text-Bold.otf */,
				5DBE6F5B267D10D800124F88 /* SF-Pro-Text-BoldItalic.otf */,
				5DBE6F59267D10D800124F88 /* SF-Pro-Text-Heavy.otf */,
				5DBE6F57267D10D800124F88 /* SF-Pro-Text-HeavyItalic.otf */,
				5DBE6F5A267D10D800124F88 /* SF-Pro-Text-Light.otf */,
				5DBE6F4C267D10D800124F88 /* SF-Pro-Text-LightItalic.otf */,
				5DBE6F51267D10D800124F88 /* SF-Pro-Text-Medium.otf */,
				5DBE6F54267D10D800124F88 /* SF-Pro-Text-MediumItalic.otf */,
				5DBE6F50267D10D800124F88 /* SF-Pro-Text-Regular.otf */,
				5DBE6F56267D10D800124F88 /* SF-Pro-Text-RegularItalic.otf */,
				5DBE6F4B267D10D800124F88 /* SF-Pro-Text-Semibold.otf */,
				5DBE6F52267D10D800124F88 /* SF-Pro-Text-SemiboldItalic.otf */,
				5DBE6F53267D10D800124F88 /* SF-Pro-Text-Thin.otf */,
				5DBE6F58267D10D800124F88 /* SF-Pro-Text-ThinItalic.otf */,
				5DBE6F4A267D10D800124F88 /* SF-Pro-Text-Ultralight.otf */,
				5DBE6F4F267D10D800124F88 /* SF-Pro-Text-UltralightItalic.otf */,
			);
			path = Fonts;
			sourceTree = "<group>";
		};
		5DBE6F60267D29D200124F88 /* Data */ = {
			isa = PBXGroup;
			children = (
				5DBE6F61267D29D700124F88 /* data.json */,
				5DBE6F62267D338000124F88 /* DataFile.swift */,
			);
			path = Data;
			sourceTree = "<group>";
		};
		5DBE6F66267D3E1200124F88 /* ViewController */ = {
			isa = PBXGroup;
			children = (
				5DBE6F35267BF1A800124F88 /* ViewController.swift */,
				5DBE6F64267D3A9700124F88 /* FavoritesListViewController.swift */,
				5DBE6F5C267D232900124F88 /* QueueListViewController.swift */,
			);
			path = ViewController;
			sourceTree = "<group>";
		};
/* End PBXGroup section */

/* Begin PBXNativeTarget section */
		5DBE6F2D267BF1A800124F88 /* MusicChallenge */ = {
			isa = PBXNativeTarget;
			buildConfigurationList = 5DBE6F42267BF1AA00124F88 /* Build configuration list for PBXNativeTarget "MusicChallenge" */;
			buildPhases = (
				5DBE6F2A267BF1A800124F88 /* Sources */,
				5DBE6F2B267BF1A800124F88 /* Frameworks */,
				5DBE6F2C267BF1A800124F88 /* Resources */,
			);
			buildRules = (
			);
			dependencies = (
			);
			name = MusicChallenge;
			productName = MusicChallenge;
			productReference = 5DBE6F2E267BF1A800124F88 /* MusicChallenge.app */;
			productType = "com.apple.product-type.application";
		};
/* End PBXNativeTarget section */

/* Begin PBXProject section */
		5DBE6F26267BF1A800124F88 /* Project object */ = {
			isa = PBXProject;
			attributes = {
				LastSwiftUpdateCheck = 1250;
				LastUpgradeCheck = 1250;
				TargetAttributes = {
					5DBE6F2D267BF1A800124F88 = {
						CreatedOnToolsVersion = 12.5;
					};
				};
			};
			buildConfigurationList = 5DBE6F29267BF1A800124F88 /* Build configuration list for PBXProject "MusicChallenge" */;
			compatibilityVersion = "Xcode 9.3";
			developmentRegion = en;
			hasScannedForEncodings = 0;
			knownRegions = (
				en,
				Base,
			);
			mainGroup = 5DBE6F25267BF1A800124F88;
			productRefGroup = 5DBE6F2F267BF1A800124F88 /* Products */;
			projectDirPath = "";
			projectRoot = "";
			targets = (
				5DBE6F2D267BF1A800124F88 /* MusicChallenge */,
			);
		};
/* End PBXProject section */

/* Begin PBXResourcesBuildPhase section */
		5DBE6F2C267BF1A800124F88 /* Resources */ = {
			isa = PBXResourcesBuildPhase;
			buildActionMask = 2147483647;
			files = (
				5DBE6F3E267BF1AA00124F88 /* LaunchScreen.storyboard in Resources */,
				5DBE6F3B267BF1AA00124F88 /* Assets.xcassets in Resources */,
				5DBE6F39267BF1A800124F88 /* Main.storyboard in Resources */,
			);
			runOnlyForDeploymentPostprocessing = 0;
		};
/* End PBXResourcesBuildPhase section */

/* Begin PBXSourcesBuildPhase section */
		5DBE6F2A267BF1A800124F88 /* Sources */ = {
			isa = PBXSourcesBuildPhase;
			buildActionMask = 2147483647;
			files = (
				5DBE6F36267BF1A800124F88 /* ViewController.swift in Sources */,
				5DA519EE268256E4005EBC31 /* MusicService.swift in Sources */,
				5DBE6F32267BF1A800124F88 /* AppDelegate.swift in Sources */,
				5DBE6F5D267D232900124F88 /* QueueListViewController.swift in Sources */,
				5DBE6F34267BF1A800124F88 /* SceneDelegate.swift in Sources */,
				5DBE6F65267D3A9700124F88 /* FavoritesListViewController.swift in Sources */,
				5DBE6F6C267D4C5700124F88 /* AlbumPlaylistTableView.swift in Sources */,
				5DBE6F6A267D471F00124F88 /* AlbumPlaylistHeaderView.swift in Sources */,
				5DBE6F63267D338000124F88 /* DataFile.swift in Sources */,
			);
			runOnlyForDeploymentPostprocessing = 0;
		};
/* End PBXSourcesBuildPhase section */

/* Begin PBXVariantGroup section */
		5DBE6F37267BF1A800124F88 /* Main.storyboard */ = {
			isa = PBXVariantGroup;
			children = (
				5DBE6F38267BF1A800124F88 /* Base */,
			);
			name = Main.storyboard;
			sourceTree = "<group>";
		};
		5DBE6F3C267BF1AA00124F88 /* LaunchScreen.storyboard */ = {
			isa = PBXVariantGroup;
			children = (
				5DBE6F3D267BF1AA00124F88 /* Base */,
			);
			name = LaunchScreen.storyboard;
			sourceTree = "<group>";
		};
/* End PBXVariantGroup section */

/* Begin XCBuildConfiguration section */
		5DBE6F40267BF1AA00124F88 /* Debug */ = {
			isa = XCBuildConfiguration;
			buildSettings = {
				ALWAYS_SEARCH_USER_PATHS = NO;
				CLANG_ANALYZER_NONNULL = YES;
				CLANG_ANALYZER_NUMBER_OBJECT_CONVERSION = YES_AGGRESSIVE;
				CLANG_CXX_LANGUAGE_STANDARD = "gnu++14";
				CLANG_CXX_LIBRARY = "libc++";
				CLANG_ENABLE_MODULES = YES;
				CLANG_ENABLE_OBJC_ARC = YES;
				CLANG_ENABLE_OBJC_WEAK = YES;
				CLANG_WARN_BLOCK_CAPTURE_AUTORELEASING = YES;
				CLANG_WARN_BOOL_CONVERSION = YES;
				CLANG_WARN_COMMA = YES;
				CLANG_WARN_CONSTANT_CONVERSION = YES;
				CLANG_WARN_DEPRECATED_OBJC_IMPLEMENTATIONS = YES;
				CLANG_WARN_DIRECT_OBJC_ISA_USAGE = YES_ERROR;
				CLANG_WARN_DOCUMENTATION_COMMENTS = YES;
				CLANG_WARN_EMPTY_BODY = YES;
				CLANG_WARN_ENUM_CONVERSION = YES;
				CLANG_WARN_INFINITE_RECURSION = YES;
				CLANG_WARN_INT_CONVERSION = YES;
				CLANG_WARN_NON_LITERAL_NULL_CONVERSION = YES;
				CLANG_WARN_OBJC_IMPLICIT_RETAIN_SELF = YES;
				CLANG_WARN_OBJC_LITERAL_CONVERSION = YES;
				CLANG_WARN_OBJC_ROOT_CLASS = YES_ERROR;
				CLANG_WARN_QUOTED_INCLUDE_IN_FRAMEWORK_HEADER = YES;
				CLANG_WARN_RANGE_LOOP_ANALYSIS = YES;
				CLANG_WARN_STRICT_PROTOTYPES = YES;
				CLANG_WARN_SUSPICIOUS_MOVE = YES;
				CLANG_WARN_UNGUARDED_AVAILABILITY = YES_AGGRESSIVE;
				CLANG_WARN_UNREACHABLE_CODE = YES;
				CLANG_WARN__DUPLICATE_METHOD_MATCH = YES;
				COPY_PHASE_STRIP = NO;
				DEBUG_INFORMATION_FORMAT = dwarf;
				ENABLE_STRICT_OBJC_MSGSEND = YES;
				ENABLE_TESTABILITY = YES;
				GCC_C_LANGUAGE_STANDARD = gnu11;
				GCC_DYNAMIC_NO_PIC = NO;
				GCC_NO_COMMON_BLOCKS = YES;
				GCC_OPTIMIZATION_LEVEL = 0;
				GCC_PREPROCESSOR_DEFINITIONS = (
					"DEBUG=1",
					"$(inherited)",
				);
				GCC_WARN_64_TO_32_BIT_CONVERSION = YES;
				GCC_WARN_ABOUT_RETURN_TYPE = YES_ERROR;
				GCC_WARN_UNDECLARED_SELECTOR = YES;
				GCC_WARN_UNINITIALIZED_AUTOS = YES_AGGRESSIVE;
				GCC_WARN_UNUSED_FUNCTION = YES;
				GCC_WARN_UNUSED_VARIABLE = YES;
				IPHONEOS_DEPLOYMENT_TARGET = 14.5;
				MTL_ENABLE_DEBUG_INFO = INCLUDE_SOURCE;
				MTL_FAST_MATH = YES;
				ONLY_ACTIVE_ARCH = YES;
				SDKROOT = iphoneos;
				SWIFT_ACTIVE_COMPILATION_CONDITIONS = DEBUG;
				SWIFT_OPTIMIZATION_LEVEL = "-Onone";
			};
			name = Debug;
		};
		5DBE6F41267BF1AA00124F88 /* Release */ = {
			isa = XCBuildConfiguration;
			buildSettings = {
				ALWAYS_SEARCH_USER_PATHS = NO;
				CLANG_ANALYZER_NONNULL = YES;
				CLANG_ANALYZER_NUMBER_OBJECT_CONVERSION = YES_AGGRESSIVE;
				CLANG_CXX_LANGUAGE_STANDARD = "gnu++14";
				CLANG_CXX_LIBRARY = "libc++";
				CLANG_ENABLE_MODULES = YES;
				CLANG_ENABLE_OBJC_ARC = YES;
				CLANG_ENABLE_OBJC_WEAK = YES;
				CLANG_WARN_BLOCK_CAPTURE_AUTORELEASING = YES;
				CLANG_WARN_BOOL_CONVERSION = YES;
				CLANG_WARN_COMMA = YES;
				CLANG_WARN_CONSTANT_CONVERSION = YES;
				CLANG_WARN_DEPRECATED_OBJC_IMPLEMENTATIONS = YES;
				CLANG_WARN_DIRECT_OBJC_ISA_USAGE = YES_ERROR;
				CLANG_WARN_DOCUMENTATION_COMMENTS = YES;
				CLANG_WARN_EMPTY_BODY = YES;
				CLANG_WARN_ENUM_CONVERSION = YES;
				CLANG_WARN_INFINITE_RECURSION = YES;
				CLANG_WARN_INT_CONVERSION = YES;
				CLANG_WARN_NON_LITERAL_NULL_CONVERSION = YES;
				CLANG_WARN_OBJC_IMPLICIT_RETAIN_SELF = YES;
				CLANG_WARN_OBJC_LITERAL_CONVERSION = YES;
				CLANG_WARN_OBJC_ROOT_CLASS = YES_ERROR;
				CLANG_WARN_QUOTED_INCLUDE_IN_FRAMEWORK_HEADER = YES;
				CLANG_WARN_RANGE_LOOP_ANALYSIS = YES;
				CLANG_WARN_STRICT_PROTOTYPES = YES;
				CLANG_WARN_SUSPICIOUS_MOVE = YES;
				CLANG_WARN_UNGUARDED_AVAILABILITY = YES_AGGRESSIVE;
				CLANG_WARN_UNREACHABLE_CODE = YES;
				CLANG_WARN__DUPLICATE_METHOD_MATCH = YES;
				COPY_PHASE_STRIP = NO;
				DEBUG_INFORMATION_FORMAT = "dwarf-with-dsym";
				ENABLE_NS_ASSERTIONS = NO;
				ENABLE_STRICT_OBJC_MSGSEND = YES;
				GCC_C_LANGUAGE_STANDARD = gnu11;
				GCC_NO_COMMON_BLOCKS = YES;
				GCC_WARN_64_TO_32_BIT_CONVERSION = YES;
				GCC_WARN_ABOUT_RETURN_TYPE = YES_ERROR;
				GCC_WARN_UNDECLARED_SELECTOR = YES;
				GCC_WARN_UNINITIALIZED_AUTOS = YES_AGGRESSIVE;
				GCC_WARN_UNUSED_FUNCTION = YES;
				GCC_WARN_UNUSED_VARIABLE = YES;
				IPHONEOS_DEPLOYMENT_TARGET = 14.5;
				MTL_ENABLE_DEBUG_INFO = NO;
				MTL_FAST_MATH = YES;
				SDKROOT = iphoneos;
				SWIFT_COMPILATION_MODE = wholemodule;
				SWIFT_OPTIMIZATION_LEVEL = "-O";
				VALIDATE_PRODUCT = YES;
			};
			name = Release;
		};
		5DBE6F43267BF1AA00124F88 /* Debug */ = {
			isa = XCBuildConfiguration;
			buildSettings = {
				ASSETCATALOG_COMPILER_APPICON_NAME = AppIcon;
				ASSETCATALOG_COMPILER_GLOBAL_ACCENT_COLOR_NAME = AccentColor;
				CODE_SIGN_STYLE = Automatic;
				DEVELOPMENT_TEAM = J47N8VWCY6;
				INFOPLIST_FILE = MusicChallenge/Info.plist;
				LD_RUNPATH_SEARCH_PATHS = (
					"$(inherited)",
					"@executable_path/Frameworks",
				);
				PRODUCT_BUNDLE_IDENTIFIER = com.nicolasgodoy.MusicChallenge;
				PRODUCT_NAME = "$(TARGET_NAME)";
				SWIFT_VERSION = 5.0;
				TARGETED_DEVICE_FAMILY = "1,2";
			};
			name = Debug;
		};
		5DBE6F44267BF1AA00124F88 /* Release */ = {
			isa = XCBuildConfiguration;
			buildSettings = {
				ASSETCATALOG_COMPILER_APPICON_NAME = AppIcon;
				ASSETCATALOG_COMPILER_GLOBAL_ACCENT_COLOR_NAME = AccentColor;
				CODE_SIGN_STYLE = Automatic;
				DEVELOPMENT_TEAM = J47N8VWCY6;
				INFOPLIST_FILE = MusicChallenge/Info.plist;
				LD_RUNPATH_SEARCH_PATHS = (
					"$(inherited)",
					"@executable_path/Frameworks",
				);
				PRODUCT_BUNDLE_IDENTIFIER = com.nicolasgodoy.MusicChallenge;
				PRODUCT_NAME = "$(TARGET_NAME)";
				SWIFT_VERSION = 5.0;
				TARGETED_DEVICE_FAMILY = "1,2";
			};
			name = Release;
		};
/* End XCBuildConfiguration section */

/* Begin XCConfigurationList section */
		5DBE6F29267BF1A800124F88 /* Build configuration list for PBXProject "MusicChallenge" */ = {
			isa = XCConfigurationList;
			buildConfigurations = (
				5DBE6F40267BF1AA00124F88 /* Debug */,
				5DBE6F41267BF1AA00124F88 /* Release */,
			);
			defaultConfigurationIsVisible = 0;
			defaultConfigurationName = Release;
		};
		5DBE6F42267BF1AA00124F88 /* Build configuration list for PBXNativeTarget "MusicChallenge" */ = {
			isa = XCConfigurationList;
			buildConfigurations = (
				5DBE6F43267BF1AA00124F88 /* Debug */,
				5DBE6F44267BF1AA00124F88 /* Release */,
			);
			defaultConfigurationIsVisible = 0;
			defaultConfigurationName = Release;
		};
/* End XCConfigurationList section */
	};
	rootObject = 5DBE6F26267BF1A800124F88 /* Project object */;
}
